<?xml version="1.0" encoding="utf-8"?>
<Project ToolsVersion="4.0" xmlns="http://schemas.microsoft.com/developer/msbuild/2003">
  <ItemGroup>
    <Filter Include="Main">
      <UniqueIdentifier>{e8dccf15-3bdd-4854-8dd2-f0ba5d770abc}</UniqueIdentifier>
    </Filter>
    <Filter Include="Utils">
      <UniqueIdentifier>{37e6aaa6-0769-426b-aa67-d42e60cd791c}</UniqueIdentifier>
    </Filter>
    <Filter Include="Protocol">
      <UniqueIdentifier>{43b5d19b-f082-405e-99f2-4135b1a0a07d}</UniqueIdentifier>
    </Filter>
    <Filter Include="Contents">
      <UniqueIdentifier>{38706634-bdd2-49ac-b921-2533c4bf7086}</UniqueIdentifier>
    </Filter>
    <Filter Include="Auth">
      <UniqueIdentifier>{f2835af6-63e0-4e66-b61d-16a8c70c1d09}</UniqueIdentifier>
    </Filter>
    <Filter Include="Contents\User">
      <UniqueIdentifier>{8ee83e2a-7a36-47a1-ab64-7195c29fd2b3}</UniqueIdentifier>
    </Filter>
    <Filter Include="Contents\Player">
      <UniqueIdentifier>{885e2d36-97a0-404f-b016-e769a880e3b1}</UniqueIdentifier>
    </Filter>
    <Filter Include="Contents\Room">
      <UniqueIdentifier>{3984e65d-725e-404a-b245-dae841edb68c}</UniqueIdentifier>
    </Filter>
    <Filter Include="Contents\Inventory">
      <UniqueIdentifier>{275ca8ed-327e-407a-aedb-c22ca2730dbf}</UniqueIdentifier>
    </Filter>
    <Filter Include="Contents\InventoryItem">
      <UniqueIdentifier>{51219b0d-fc34-4f22-9ff2-da1018e5d50d}</UniqueIdentifier>
    </Filter>
  </ItemGroup>
  <ItemGroup>
    <ClCompile Include="GameServer.cpp">
      <Filter>Main</Filter>
    </ClCompile>
    <ClCompile Include="pch.cpp">
      <Filter>Utils</Filter>
    </ClCompile>
    <ClCompile Include="GameSession.cpp">
      <Filter>Main</Filter>
    </ClCompile>
    <ClCompile Include="GameSessionManager.cpp">
      <Filter>Main</Filter>
    </ClCompile>
    <ClCompile Include="ClientPacketHandler.cpp">
      <Filter>Main</Filter>
    </ClCompile>
    <ClCompile Include="User.cpp">
      <Filter>Contents\User</Filter>
    </ClCompile>
    <ClCompile Include="UserRepository.cpp">
      <Filter>Contents\User</Filter>
    </ClCompile>
    <ClCompile Include="Player.cpp">
      <Filter>Contents\Player</Filter>
    </ClCompile>
    <ClCompile Include="Room.cpp">
      <Filter>Contents\Room</Filter>
    </ClCompile>
    <ClCompile Include="PlayerRepository.cpp">
      <Filter>Contents\Player</Filter>
    </ClCompile>
    <ClCompile Include="UserService.cpp">
      <Filter>Contents\User</Filter>
    </ClCompile>
    <ClCompile Include="PlayerService.cpp">
      <Filter>Contents\Player</Filter>
    </ClCompile>
    <ClCompile Include="RefCommentCode.cpp" />
    <ClCompile Include="CreateTableSQL.cpp" />
    <ClCompile Include="InventoryService.cpp">
      <Filter>Contents\Inventory</Filter>
    </ClCompile>
    <ClCompile Include="InventoryRepository.cpp">
      <Filter>Contents\Inventory</Filter>
    </ClCompile>
    <ClCompile Include="InventoryItem.cpp">
      <Filter>Contents\InventoryItem</Filter>
    </ClCompile>
    <ClCompile Include="InventoryItemService.cpp">
      <Filter>Contents\InventoryItem</Filter>
    </ClCompile>
    <ClCompile Include="InventoryItemRepository.cpp">
      <Filter>Contents\InventoryItem</Filter>
    </ClCompile>
    <ClCompile Include="ObjectIdGenerator.cpp">
      <Filter>Main</Filter>
    </ClCompile>
    <ClCompile Include="TradeSession.cpp">
      <Filter>Main</Filter>
    </ClCompile>
  </ItemGroup>
  <ItemGroup>
    <ClInclude Include="pch.h">
      <Filter>Utils</Filter>
    </ClInclude>
    <ClInclude Include="GameSessionManager.h">
      <Filter>Main</Filter>
    </ClInclude>
    <ClInclude Include="GameSession.h">
      <Filter>Main</Filter>
    </ClInclude>
    <ClInclude Include="ClientPacketHandler.h">
      <Filter>Main</Filter>
    </ClInclude>
    <ClInclude Include="User.h">
      <Filter>Contents\User</Filter>
    </ClInclude>
    <ClInclude Include="UserRepository.h">
      <Filter>Contents\User</Filter>
    </ClInclude>
    <ClInclude Include="Player.h">
      <Filter>Contents\Player</Filter>
    </ClInclude>
    <ClInclude Include="Room.h">
      <Filter>Contents\Room</Filter>
    </ClInclude>
    <ClInclude Include="PlayerRepository.h">
      <Filter>Contents\Player</Filter>
    </ClInclude>
    <ClInclude Include="UserService.h">
      <Filter>Contents\User</Filter>
    </ClInclude>
    <ClInclude Include="PlayerService.h">
      <Filter>Contents\Player</Filter>
    </ClInclude>
    <ClInclude Include="CreateTableSQL.h" />
    <ClInclude Include="InventoryService.h">
      <Filter>Contents\Inventory</Filter>
    </ClInclude>
    <ClInclude Include="InventoryRepository.h">
      <Filter>Contents\Inventory</Filter>
    </ClInclude>
    <ClInclude Include="InventoryItem.h">
      <Filter>Contents\InventoryItem</Filter>
    </ClInclude>
    <ClInclude Include="InventoryItemService.h">
      <Filter>Contents\InventoryItem</Filter>
    </ClInclude>
    <ClInclude Include="InventoryItemRepository.h">
      <Filter>Contents\InventoryItem</Filter>
    </ClInclude>
    <ClInclude Include="ObjectIdGenerator.h">
      <Filter>Main</Filter>
    </ClInclude>
    <ClInclude Include="TradeSession.h">
      <Filter>Main</Filter>
    </ClInclude>
    <ClInclude Include="UserProtocol_generated.h">
      <Filter>Protocol</Filter>
    </ClInclude>
  </ItemGroup>
</Project>